
Microsoft Visual Studio Solution File, Format Version 12.00
# Visual Studio Version 16
VisualStudioVersion = 16.0.29411.108
MinimumVisualStudioVersion = 10.0.40219.1
Project("{FAE04EC0-301F-11D3-BF4B-00C04F79EFBC}") = "Singleton", "Singleton\Singleton.csproj", "{B31F9B6B-2AAA-400D-9FA3-E04D09A8B37C}"
EndProject
Project("{FAE04EC0-301F-11D3-BF4B-00C04F79EFBC}") = "Facade", "Facade\Facade.csproj", "{B4CBB76F-A71B-4855-9F88-2BCACE338D02}"
EndProject
Project("{FAE04EC0-301F-11D3-BF4B-00C04F79EFBC}") = "CommandPattern", "CommandPattern\CommandPattern.csproj", "{785E26E0-D18A-49CE-AEDE-08E2487C457E}"
EndProject
Global
	GlobalSection(SolutionConfigurationPlatforms) = preSolution
		Debug|Any CPU = Debug|Any CPU
		Release|Any CPU = Release|Any CPU
	EndGlobalSection
	GlobalSection(ProjectConfigurationPlatforms) = postSolution
		{B31F9B6B-2AAA-400D-9FA3-E04D09A8B37C}.Debug|Any CPU.ActiveCfg = Debug|Any CPU
		{B31F9B6B-2AAA-400D-9FA3-E04D09A8B37C}.Debug|Any CPU.Build.0 = Debug|Any CPU
		{B31F9B6B-2AAA-400D-9FA3-E04D09A8B37C}.Release|Any CPU.ActiveCfg = Release|Any CPU
		{B31F9B6B-2AAA-400D-9FA3-E04D09A8B37C}.Release|Any CPU.Build.0 = Release|Any CPU
		{B4CBB76F-A71B-4855-9F88-2BCACE338D02}.Debug|Any CPU.ActiveCfg = Debug|Any CPU
		{B4CBB76F-A71B-4855-9F88-2BCACE338D02}.Debug|Any CPU.Build.0 = Debug|Any CPU
		{B4CBB76F-A71B-4855-9F88-2BCACE338D02}.Release|Any CPU.ActiveCfg = Release|Any CPU
		{B4CBB76F-A71B-4855-9F88-2BCACE338D02}.Release|Any CPU.Build.0 = Release|Any CPU
		{785E26E0-D18A-49CE-AEDE-08E2487C457E}.Debug|Any CPU.ActiveCfg = Debug|Any CPU
		{785E26E0-D18A-49CE-AEDE-08E2487C457E}.Debug|Any CPU.Build.0 = Debug|Any CPU
		{785E26E0-D18A-49CE-AEDE-08E2487C457E}.Release|Any CPU.ActiveCfg = Release|Any CPU
		{785E26E0-D18A-49CE-AEDE-08E2487C457E}.Release|Any CPU.Build.0 = Release|Any CPU
	EndGlobalSection
	GlobalSection(SolutionProperties) = preSolution
		HideSolutionNode = FALSE
	EndGlobalSection
	GlobalSection(ExtensibilityGlobals) = postSolution
		SolutionGuid = {1970E7CE-AFE6-4992-B7B0-E7AACAFBC20F}
	EndGlobalSection
EndGlobal
